// !$*UTF8*$!
{
	archiveVersion = 1;
	classes = {
	};
	objectVersion = 46;
	objects = {

/* Begin PBXBuildFile section */
		715ED6471AF02F8C005428D6 /* Gadgets.swift in Sources */ = {isa = PBXBuildFile; fileRef = 715ED6461AF02F8C005428D6 /* Gadgets.swift */; };
		716BC3CB1AEF9A410000D3E9 /* Images.xcassets in Resources */ = {isa = PBXBuildFile; fileRef = 716BC3CA1AEF9A410000D3E9 /* Images.xcassets */; };
		F74B4B5C1ADD11D600B0C5D9 /* AppDelegate.swift in Sources */ = {isa = PBXBuildFile; fileRef = F74B4B5B1ADD11D600B0C5D9 /* AppDelegate.swift */; };
		F74B4B5E1ADD11D600B0C5D9 /* ViewController.swift in Sources */ = {isa = PBXBuildFile; fileRef = F74B4B5D1ADD11D600B0C5D9 /* ViewController.swift */; };
		F74B4B661ADD11D600B0C5D9 /* LaunchScreen.xib in Resources */ = {isa = PBXBuildFile; fileRef = F74B4B641ADD11D600B0C5D9 /* LaunchScreen.xib */; };
		F74B4B721ADD11D700B0C5D9 /* MonsterstartsideTests.swift in Sources */ = {isa = PBXBuildFile; fileRef = F74B4B711ADD11D700B0C5D9 /* MonsterstartsideTests.swift */; };
		F77E376A1AED24AD0032CB41 /* Hjem.swift in Sources */ = {isa = PBXBuildFile; fileRef = F77E37691AED24AD0032CB41 /* Hjem.swift */; };
		F796164A1AEE7BF800411FD4 /* Indstillinger.swift in Sources */ = {isa = PBXBuildFile; fileRef = F79616491AEE7BF800411FD4 /* Indstillinger.swift */; };
		F796165A1AEFECFF00411FD4 /* Shoppen.swift in Sources */ = {isa = PBXBuildFile; fileRef = F79616591AEFECFF00411FD4 /* Shoppen.swift */; };
		F7C3C2B11AE677BF00860329 /* CoreLocation.framework in Frameworks */ = {isa = PBXBuildFile; fileRef = F7C3C2B01AE677BF00860329 /* CoreLocation.framework */; };
		F7C3C2B31AE677D800860329 /* MapKit.framework in Frameworks */ = {isa = PBXBuildFile; fileRef = F7C3C2B21AE677D800860329 /* MapKit.framework */; };
		F7C3C2B61AE780BB00860329 /* Main.storyboard in Resources */ = {isa = PBXBuildFile; fileRef = F7C3C2B41AE780BB00860329 /* Main.storyboard */; };
		F7E0F2E81AE11894008DEC96 /* GO.swift in Sources */ = {isa = PBXBuildFile; fileRef = F7E0F2E71AE11894008DEC96 /* GO.swift */; };
		F7E0F2EA1AE119AC008DEC96 /* Aktiv.swift in Sources */ = {isa = PBXBuildFile; fileRef = F7E0F2E91AE119AC008DEC96 /* Aktiv.swift */; };
/* End PBXBuildFile section */

/* Begin PBXContainerItemProxy section */
		F74B4B6C1ADD11D700B0C5D9 /* PBXContainerItemProxy */ = {
			isa = PBXContainerItemProxy;
			containerPortal = F74B4B4E1ADD11D600B0C5D9 /* Project object */;
			proxyType = 1;
			remoteGlobalIDString = F74B4B551ADD11D600B0C5D9;
			remoteInfo = Monsterstartside;
		};
/* End PBXContainerItemProxy section */

/* Begin PBXFileReference section */
		715ED6461AF02F8C005428D6 /* Gadgets.swift */ = {isa = PBXFileReference; fileEncoding = 4; lastKnownFileType = sourcecode.swift; path = Gadgets.swift; sourceTree = "<group>"; };
		716BC3CA1AEF9A410000D3E9 /* Images.xcassets */ = {isa = PBXFileReference; lastKnownFileType = folder.assetcatalog; path = Images.xcassets; sourceTree = "<group>"; };
		F74B4B561ADD11D600B0C5D9 /* Move Your Monster.app */ = {isa = PBXFileReference; explicitFileType = wrapper.application; includeInIndex = 0; path = "Move Your Monster.app"; sourceTree = BUILT_PRODUCTS_DIR; };
		F74B4B5A1ADD11D600B0C5D9 /* Info.plist */ = {isa = PBXFileReference; lastKnownFileType = text.plist.xml; path = Info.plist; sourceTree = "<group>"; };
		F74B4B5B1ADD11D600B0C5D9 /* AppDelegate.swift */ = {isa = PBXFileReference; lastKnownFileType = sourcecode.swift; path = AppDelegate.swift; sourceTree = "<group>"; };
		F74B4B5D1ADD11D600B0C5D9 /* ViewController.swift */ = {isa = PBXFileReference; lastKnownFileType = sourcecode.swift; path = ViewController.swift; sourceTree = "<group>"; };
		F74B4B651ADD11D600B0C5D9 /* Base */ = {isa = PBXFileReference; lastKnownFileType = file.xib; name = Base; path = Base.lproj/LaunchScreen.xib; sourceTree = "<group>"; };
		F74B4B6B1ADD11D700B0C5D9 /* Move Your MonsterTests.xctest */ = {isa = PBXFileReference; explicitFileType = wrapper.cfbundle; includeInIndex = 0; path = "Move Your MonsterTests.xctest"; sourceTree = BUILT_PRODUCTS_DIR; };
		F74B4B701ADD11D700B0C5D9 /* Info.plist */ = {isa = PBXFileReference; lastKnownFileType = text.plist.xml; path = Info.plist; sourceTree = "<group>"; };
		F74B4B711ADD11D700B0C5D9 /* MonsterstartsideTests.swift */ = {isa = PBXFileReference; lastKnownFileType = sourcecode.swift; path = MonsterstartsideTests.swift; sourceTree = "<group>"; };
		F77E37691AED24AD0032CB41 /* Hjem.swift */ = {isa = PBXFileReference; fileEncoding = 4; lastKnownFileType = sourcecode.swift; name = Hjem.swift; path = ../Hjem.swift; sourceTree = "<group>"; };
		F79616491AEE7BF800411FD4 /* Indstillinger.swift */ = {isa = PBXFileReference; fileEncoding = 4; lastKnownFileType = sourcecode.swift; path = Indstillinger.swift; sourceTree = "<group>"; };
		F79616591AEFECFF00411FD4 /* Shoppen.swift */ = {isa = PBXFileReference; fileEncoding = 4; lastKnownFileType = sourcecode.swift; name = Shoppen.swift; path = ../Shoppen.swift; sourceTree = "<group>"; };
		F7C3C2B01AE677BF00860329 /* CoreLocation.framework */ = {isa = PBXFileReference; lastKnownFileType = wrapper.framework; name = CoreLocation.framework; path = System/Library/Frameworks/CoreLocation.framework; sourceTree = SDKROOT; };
		F7C3C2B21AE677D800860329 /* MapKit.framework */ = {isa = PBXFileReference; lastKnownFileType = wrapper.framework; name = MapKit.framework; path = System/Library/Frameworks/MapKit.framework; sourceTree = SDKROOT; };
		F7C3C2B51AE780BB00860329 /* Base */ = {isa = PBXFileReference; lastKnownFileType = file.storyboard; name = Base; path = Base.lproj/Main.storyboard; sourceTree = "<group>"; };
		F7C3C3281AE7B88300860329 /* Monsterstartside-Bridging-Header.h */ = {isa = PBXFileReference; lastKnownFileType = sourcecode.c.h; path = "Monsterstartside-Bridging-Header.h"; sourceTree = "<group>"; };
		F7E0F2E71AE11894008DEC96 /* GO.swift */ = {isa = PBXFileReference; fileEncoding = 4; lastKnownFileType = sourcecode.swift; path = GO.swift; sourceTree = "<group>"; };
		F7E0F2E91AE119AC008DEC96 /* Aktiv.swift */ = {isa = PBXFileReference; fileEncoding = 4; lastKnownFileType = sourcecode.swift; path = Aktiv.swift; sourceTree = "<group>"; };
/* End PBXFileReference section */

/* Begin PBXFrameworksBuildPhase section */
		F74B4B531ADD11D600B0C5D9 /* Frameworks */ = {
			isa = PBXFrameworksBuildPhase;
			buildActionMask = 2147483647;
			files = (
				F7C3C2B31AE677D800860329 /* MapKit.framework in Frameworks */,
				F7C3C2B11AE677BF00860329 /* CoreLocation.framework in Frameworks */,
			);
			runOnlyForDeploymentPostprocessing = 0;
		};
		F74B4B681ADD11D700B0C5D9 /* Frameworks */ = {
			isa = PBXFrameworksBuildPhase;
			buildActionMask = 2147483647;
			files = (
			);
			runOnlyForDeploymentPostprocessing = 0;
		};
/* End PBXFrameworksBuildPhase section */

/* Begin PBXGroup section */
		F74B4B4D1ADD11D600B0C5D9 = {
			isa = PBXGroup;
			children = (
				F74B4B581ADD11D600B0C5D9 /* Monsterstartside */,
				F74B4B6E1ADD11D700B0C5D9 /* MonsterstartsideTests */,
				F74B4B571ADD11D600B0C5D9 /* Products */,
			);
			sourceTree = "<group>";
		};
		F74B4B571ADD11D600B0C5D9 /* Products */ = {
			isa = PBXGroup;
			children = (
				F74B4B561ADD11D600B0C5D9 /* Move Your Monster.app */,
				F74B4B6B1ADD11D700B0C5D9 /* Move Your MonsterTests.xctest */,
			);
			name = Products;
			sourceTree = "<group>";
		};
		F74B4B581ADD11D600B0C5D9 /* Monsterstartside */ = {
			isa = PBXGroup;
			children = (
				F7C3C2B21AE677D800860329 /* MapKit.framework */,
				F7C3C2B01AE677BF00860329 /* CoreLocation.framework */,
				F74B4B5B1ADD11D600B0C5D9 /* AppDelegate.swift */,
				F77E37691AED24AD0032CB41 /* Hjem.swift */,
				F79616591AEFECFF00411FD4 /* Shoppen.swift */,
				715ED6461AF02F8C005428D6 /* Gadgets.swift */,
				F74B4B5D1ADD11D600B0C5D9 /* ViewController.swift */,
				F7C3C2B41AE780BB00860329 /* Main.storyboard */,
				716BC3CA1AEF9A410000D3E9 /* Images.xcassets */,
				F79616491AEE7BF800411FD4 /* Indstillinger.swift */,
				F7E0F2E91AE119AC008DEC96 /* Aktiv.swift */,
				F7E0F2E71AE11894008DEC96 /* GO.swift */,
				F74B4B641ADD11D600B0C5D9 /* LaunchScreen.xib */,
				F74B4B591ADD11D600B0C5D9 /* Supporting Files */,
				F7C3C3281AE7B88300860329 /* Monsterstartside-Bridging-Header.h */,
			);
			path = Monsterstartside;
			sourceTree = "<group>";
		};
		F74B4B591ADD11D600B0C5D9 /* Supporting Files */ = {
			isa = PBXGroup;
			children = (
				F74B4B5A1ADD11D600B0C5D9 /* Info.plist */,
			);
			name = "Supporting Files";
			sourceTree = "<group>";
		};
		F74B4B6E1ADD11D700B0C5D9 /* MonsterstartsideTests */ = {
			isa = PBXGroup;
			children = (
				F74B4B711ADD11D700B0C5D9 /* MonsterstartsideTests.swift */,
				F74B4B6F1ADD11D700B0C5D9 /* Supporting Files */,
			);
			path = MonsterstartsideTests;
			sourceTree = "<group>";
		};
		F74B4B6F1ADD11D700B0C5D9 /* Supporting Files */ = {
			isa = PBXGroup;
			children = (
				F74B4B701ADD11D700B0C5D9 /* Info.plist */,
			);
			name = "Supporting Files";
			sourceTree = "<group>";
		};
/* End PBXGroup section */

/* Begin PBXNativeTarget section */
		F74B4B551ADD11D600B0C5D9 /* Move Your Monster */ = {
			isa = PBXNativeTarget;
			buildConfigurationList = F74B4B751ADD11D700B0C5D9 /* Build configuration list for PBXNativeTarget "Move Your Monster" */;
			buildPhases = (
				F74B4B521ADD11D600B0C5D9 /* Sources */,
				F74B4B531ADD11D600B0C5D9 /* Frameworks */,
				F74B4B541ADD11D600B0C5D9 /* Resources */,
			);
			buildRules = (
			);
			dependencies = (
			);
			name = "Move Your Monster";
			productName = Monsterstartside;
			productReference = F74B4B561ADD11D600B0C5D9 /* Move Your Monster.app */;
			productType = "com.apple.product-type.application";
		};
		F74B4B6A1ADD11D700B0C5D9 /* Move Your MonsterTests */ = {
			isa = PBXNativeTarget;
			buildConfigurationList = F74B4B781ADD11D700B0C5D9 /* Build configuration list for PBXNativeTarget "Move Your MonsterTests" */;
			buildPhases = (
				F74B4B671ADD11D700B0C5D9 /* Sources */,
				F74B4B681ADD11D700B0C5D9 /* Frameworks */,
				F74B4B691ADD11D700B0C5D9 /* Resources */,
			);
			buildRules = (
			);
			dependencies = (
				F74B4B6D1ADD11D700B0C5D9 /* PBXTargetDependency */,
			);
			name = "Move Your MonsterTests";
			productName = MonsterstartsideTests;
			productReference = F74B4B6B1ADD11D700B0C5D9 /* Move Your MonsterTests.xctest */;
			productType = "com.apple.product-type.bundle.unit-test";
		};
/* End PBXNativeTarget section */

/* Begin PBXProject section */
		F74B4B4E1ADD11D600B0C5D9 /* Project object */ = {
			isa = PBXProject;
			attributes = {
				LastUpgradeCheck = 0630;
				ORGANIZATIONNAME = MaaMetis;
				TargetAttributes = {
					F74B4B551ADD11D600B0C5D9 = {
						CreatedOnToolsVersion = 6.3;
						SystemCapabilities = {
							com.apple.Maps.iOS = {
								enabled = 1;
							};
						};
					};
					F74B4B6A1ADD11D700B0C5D9 = {
						CreatedOnToolsVersion = 6.3;
						TestTargetID = F74B4B551ADD11D600B0C5D9;
					};
				};
			};
			buildConfigurationList = F74B4B511ADD11D600B0C5D9 /* Build configuration list for PBXProject "Move Your Monster" */;
			compatibilityVersion = "Xcode 3.2";
			developmentRegion = English;
			hasScannedForEncodings = 0;
			knownRegions = (
				en,
				Base,
			);
			mainGroup = F74B4B4D1ADD11D600B0C5D9;
			productRefGroup = F74B4B571ADD11D600B0C5D9 /* Products */;
			projectDirPath = "";
			projectRoot = "";
			targets = (
				F74B4B551ADD11D600B0C5D9 /* Move Your Monster */,
				F74B4B6A1ADD11D700B0C5D9 /* Move Your MonsterTests */,
			);
		};
/* End PBXProject section */

/* Begin PBXResourcesBuildPhase section */
		F74B4B541ADD11D600B0C5D9 /* Resources */ = {
			isa = PBXResourcesBuildPhase;
			buildActionMask = 2147483647;
			files = (
				716BC3CB1AEF9A410000D3E9 /* Images.xcassets in Resources */,
				F7C3C2B61AE780BB00860329 /* Main.storyboard in Resources */,
				F74B4B661ADD11D600B0C5D9 /* LaunchScreen.xib in Resources */,
			);
			runOnlyForDeploymentPostprocessing = 0;
		};
		F74B4B691ADD11D700B0C5D9 /* Resources */ = {
			isa = PBXResourcesBuildPhase;
			buildActionMask = 2147483647;
			files = (
			);
			runOnlyForDeploymentPostprocessing = 0;
		};
/* End PBXResourcesBuildPhase section */

/* Begin PBXSourcesBuildPhase section */
		F74B4B521ADD11D600B0C5D9 /* Sources */ = {
			isa = PBXSourcesBuildPhase;
			buildActionMask = 2147483647;
			files = (
				F74B4B5E1ADD11D600B0C5D9 /* ViewController.swift in Sources */,
				F7E0F2EA1AE119AC008DEC96 /* Aktiv.swift in Sources */,
				F74B4B5C1ADD11D600B0C5D9 /* AppDelegate.swift in Sources */,
				F7E0F2E81AE11894008DEC96 /* GO.swift in Sources */,
				F77E376A1AED24AD0032CB41 /* Hjem.swift in Sources */,
				F796164A1AEE7BF800411FD4 /* Indstillinger.swift in Sources */,
				F796165A1AEFECFF00411FD4 /* Shoppen.swift in Sources */,
				715ED6471AF02F8C005428D6 /* Gadgets.swift in Sources */,
			);
			runOnlyForDeploymentPostprocessing = 0;
		};
		F74B4B671ADD11D700B0C5D9 /* Sources */ = {
			isa = PBXSourcesBuildPhase;
			buildActionMask = 2147483647;
			files = (
				F74B4B721ADD11D700B0C5D9 /* MonsterstartsideTests.swift in Sources */,
			);
			runOnlyForDeploymentPostprocessing = 0;
		};
/* End PBXSourcesBuildPhase section */

/* Begin PBXTargetDependency section */
		F74B4B6D1ADD11D700B0C5D9 /* PBXTargetDependency */ = {
			isa = PBXTargetDependency;
			target = F74B4B551ADD11D600B0C5D9 /* Move Your Monster */;
			targetProxy = F74B4B6C1ADD11D700B0C5D9 /* PBXContainerItemProxy */;
		};
/* End PBXTargetDependency section */

/* Begin PBXVariantGroup section */
		F74B4B641ADD11D600B0C5D9 /* LaunchScreen.xib */ = {
			isa = PBXVariantGroup;
			children = (
				F74B4B651ADD11D600B0C5D9 /* Base */,
			);
			name = LaunchScreen.xib;
			sourceTree = "<group>";
		};
		F7C3C2B41AE780BB00860329 /* Main.storyboard */ = {
			isa = PBXVariantGroup;
			children = (
				F7C3C2B51AE780BB00860329 /* Base */,
			);
			name = Main.storyboard;
			sourceTree = "<group>";
		};
/* End PBXVariantGroup section */

/* Begin XCBuildConfiguration section */
		F74B4B731ADD11D700B0C5D9 /* Debug */ = {
			isa = XCBuildConfiguration;
			buildSettings = {
				ALWAYS_SEARCH_USER_PATHS = NO;
				CLANG_CXX_LANGUAGE_STANDARD = "gnu++0x";
				CLANG_CXX_LIBRARY = "libc++";
				CLANG_ENABLE_MODULES = YES;
				CLANG_ENABLE_OBJC_ARC = YES;
				CLANG_WARN_BOOL_CONVERSION = YES;
				CLANG_WARN_CONSTANT_CONVERSION = YES;
				CLANG_WARN_DIRECT_OBJC_ISA_USAGE = YES_ERROR;
				CLANG_WARN_EMPTY_BODY = YES;
				CLANG_WARN_ENUM_CONVERSION = YES;
				CLANG_WARN_INT_CONVERSION = YES;
				CLANG_WARN_OBJC_ROOT_CLASS = YES_ERROR;
				CLANG_WARN_UNREACHABLE_CODE = YES;
				CLANG_WARN__DUPLICATE_METHOD_MATCH = YES;
				"CODE_SIGN_IDENTITY[sdk=iphoneos*]" = "iPhone Developer";
				COPY_PHASE_STRIP = NO;
				DEBUG_INFORMATION_FORMAT = "dwarf-with-dsym";
				ENABLE_STRICT_OBJC_MSGSEND = YES;
				GCC_C_LANGUAGE_STANDARD = gnu99;
				GCC_DYNAMIC_NO_PIC = NO;
				GCC_NO_COMMON_BLOCKS = YES;
				GCC_OPTIMIZATION_LEVEL = 0;
				GCC_PREPROCESSOR_DEFINITIONS = (
					"DEBUG=1",
					"$(inherited)",
				);
				GCC_SYMBOLS_PRIVATE_EXTERN = NO;
				GCC_WARN_64_TO_32_BIT_CONVERSION = YES;
				GCC_WARN_ABOUT_RETURN_TYPE = YES_ERROR;
				GCC_WARN_UNDECLARED_SELECTOR = YES;
				GCC_WARN_UNINITIALIZED_AUTOS = YES_AGGRESSIVE;
				GCC_WARN_UNUSED_FUNCTION = YES;
				GCC_WARN_UNUSED_VARIABLE = YES;
				IPHONEOS_DEPLOYMENT_TARGET = 8.3;
				MTL_ENABLE_DEBUG_INFO = YES;
				ONLY_ACTIVE_ARCH = YES;
				SDKROOT = iphoneos;
				SWIFT_OPTIMIZATION_LEVEL = "-Onone";
			};
			name = Debug;
		};
		F74B4B741ADD11D700B0C5D9 /* Release */ = {
			isa = XCBuildConfiguration;
			buildSettings = {
				ALWAYS_SEARCH_USER_PATHS = NO;
				CLANG_CXX_LANGUAGE_STANDARD = "gnu++0x";
				CLANG_CXX_LIBRARY = "libc++";
				CLANG_ENABLE_MODULES = YES;
				CLANG_ENABLE_OBJC_ARC = YES;
				CLANG_WARN_BOOL_CONVERSION = YES;
				CLANG_WARN_CONSTANT_CONVERSION = YES;
				CLANG_WARN_DIRECT_OBJC_ISA_USAGE = YES_ERROR;
				CLANG_WARN_EMPTY_BODY = YES;
				CLANG_WARN_ENUM_CONVERSION = YES;
				CLANG_WARN_INT_CONVERSION = YES;
				CLANG_WARN_OBJC_ROOT_CLASS = YES_ERROR;
				CLANG_WARN_UNREACHABLE_CODE = YES;
				CLANG_WARN__DUPLICATE_METHOD_MATCH = YES;
				"CODE_SIGN_IDENTITY[sdk=iphoneos*]" = "iPhone Developer";
				COPY_PHASE_STRIP = NO;
				DEBUG_INFORMATION_FORMAT = "dwarf-with-dsym";
				ENABLE_NS_ASSERTIONS = NO;
				ENABLE_STRICT_OBJC_MSGSEND = YES;
				GCC_C_LANGUAGE_STANDARD = gnu99;
				GCC_NO_COMMON_BLOCKS = YES;
				GCC_WARN_64_TO_32_BIT_CONVERSION = YES;
				GCC_WARN_ABOUT_RETURN_TYPE = YES_ERROR;
				GCC_WARN_UNDECLARED_SELECTOR = YES;
				GCC_WARN_UNINITIALIZED_AUTOS = YES_AGGRESSIVE;
				GCC_WARN_UNUSED_FUNCTION = YES;
				GCC_WARN_UNUSED_VARIABLE = YES;
				IPHONEOS_DEPLOYMENT_TARGET = 8.3;
				MTL_ENABLE_DEBUG_INFO = NO;
				SDKROOT = iphoneos;
				VALIDATE_PRODUCT = YES;
			};
			name = Release;
		};
		F74B4B761ADD11D700B0C5D9 /* Debug */ = {
			isa = XCBuildConfiguration;
			buildSettings = {
				ASSETCATALOG_COMPILER_APPICON_NAME = AppIcon;
				CLANG_ENABLE_MODULES = YES;
				INFOPLIST_FILE = Monsterstartside/Info.plist;
				IPHONEOS_DEPLOYMENT_TARGET = 8.1;
				LD_RUNPATH_SEARCH_PATHS = "$(inherited) @executable_path/Frameworks";
				PRODUCT_NAME = "Move Your Monster";
				SWIFT_OBJC_BRIDGING_HEADER = "Monsterstartside/Monsterstartside-Bridging-Header.h";
				SWIFT_OPTIMIZATION_LEVEL = "-Onone";
			};
			name = Debug;
		};
		F74B4B771ADD11D700B0C5D9 /* Release */ = {
			isa = XCBuildConfiguration;
			buildSettings = {
				ASSETCATALOG_COMPILER_APPICON_NAME = AppIcon;
				CLANG_ENABLE_MODULES = YES;
				INFOPLIST_FILE = Monsterstartside/Info.plist;
				IPHONEOS_DEPLOYMENT_TARGET = 8.1;
				LD_RUNPATH_SEARCH_PATHS = "$(inherited) @executable_path/Frameworks";
				PRODUCT_NAME = "Move Your Monster";
				SWIFT_OBJC_BRIDGING_HEADER = "Monsterstartside/Monsterstartside-Bridging-Header.h";
			};
			name = Release;
		};
		F74B4B791ADD11D700B0C5D9 /* Debug */ = {
			isa = XCBuildConfiguration;
			buildSettings = {
				BUNDLE_LOADER = "$(TEST_HOST)";
				FRAMEWORK_SEARCH_PATHS = (
					"$(SDKROOT)/Developer/Library/Frameworks",
					"$(inherited)",
				);
				GCC_PREPROCESSOR_DEFINITIONS = (
					"DEBUG=1",
					"$(inherited)",
				);
				INFOPLIST_FILE = MonsterstartsideTests/Info.plist;
				LD_RUNPATH_SEARCH_PATHS = "$(inherited) @executable_path/Frameworks @loader_path/Frameworks";
				PRODUCT_NAME = "Move Your MonsterTests";
				TEST_HOST = "$(BUILT_PRODUCTS_DIR)/Monsterstartside.app/Monsterstartside";
			};
			name = Debug;
		};
		F74B4B7A1ADD11D700B0C5D9 /* Release */ = {
			isa = XCBuildConfiguration;
			buildSettings = {
				BUNDLE_LOADER = "$(TEST_HOST)";
				FRAMEWORK_SEARCH_PATHS = (
					"$(SDKROOT)/Developer/Library/Frameworks",
					"$(inherited)",
				);
				INFOPLIST_FILE = MonsterstartsideTests/Info.plist;
				LD_RUNPATH_SEARCH_PATHS = "$(inherited) @executable_path/Frameworks @loader_path/Frameworks";
				PRODUCT_NAME = "Move Your MonsterTests";
				TEST_HOST = "$(BUILT_PRODUCTS_DIR)/Monsterstartside.app/Monsterstartside";
			};
			name = Release;
		};
/* End XCBuildConfiguration section */

/* Begin XCConfigurationList section */
		F74B4B511ADD11D600B0C5D9 /* Build configuration list for PBXProject "Move Your Monster" */ = {
			isa = XCConfigurationList;
			buildConfigurations = (
				F74B4B731ADD11D700B0C5D9 /* Debug */,
				F74B4B741ADD11D700B0C5D9 /* Release */,
			);
			defaultConfigurationIsVisible = 0;
			defaultConfigurationName = Release;
		};
		F74B4B751ADD11D700B0C5D9 /* Build configuration list for PBXNativeTarget "Move Your Monster" */ = {
			isa = XCConfigurationList;
			buildConfigurations = (
				F74B4B761ADD11D700B0C5D9 /* Debug */,
				F74B4B771ADD11D700B0C5D9 /* Release */,
			);
			defaultConfigurationIsVisible = 0;
			defaultConfigurationName = Release;
		};
		F74B4B781ADD11D700B0C5D9 /* Build configuration list for PBXNativeTarget "Move Your MonsterTests" */ = {
			isa = XCConfigurationList;
			buildConfigurations = (
				F74B4B791ADD11D700B0C5D9 /* Debug */,
				F74B4B7A1ADD11D700B0C5D9 /* Release */,
			);
			defaultConfigurationIsVisible = 0;
			defaultConfigurationName = Release;
		};
/* End XCConfigurationList section */
	};
	rootObject = F74B4B4E1ADD11D600B0C5D9 /* Project object */;
}
